
Microsoft Visual Studio Solution File, Format Version 12.00
# Visual Studio 15
VisualStudioVersion = 15.0.26430.16
MinimumVisualStudioVersion = 10.0.40219.1
Project("{FAE04EC0-301F-11D3-BF4B-00C04F79EFBC}") = "CSharpIntermediate", "ConsoleApp1\CSharpIntermediate.csproj", "{E8B0EDD9-3956-4D29-B53D-95B5304ECC47}"
EndProject
Project("{FAE04EC0-301F-11D3-BF4B-00C04F79EFBC}") = "Classes", "Classes\Classes.csproj", "{28682D8C-99D2-4BB1-B34D-C8993A0BC08C}"
EndProject
Project("{2150E333-8FDC-42A3-9474-1A3956D46DE8}") = "Section2 Classes", "Section2 Classes", "{B3FE168E-8502-4071-A311-D70EF6F7C5FC}"
EndProject
Project("{FAE04EC0-301F-11D3-BF4B-00C04F79EFBC}") = "Fields", "Fields\Fields.csproj", "{6286D24A-5FED-4BF1-8F87-9F5AD3C3A95E}"
EndProject
Project("{FAE04EC0-301F-11D3-BF4B-00C04F79EFBC}") = "Methods", "Methods\Methods.csproj", "{7B312385-B0A6-4A61-9900-A0FD59F71D7B}"
EndProject
Project("{FAE04EC0-301F-11D3-BF4B-00C04F79EFBC}") = "Properties", "Properties\Properties.csproj", "{9C09C8BE-0758-4AC7-90D8-D89A76307AD9}"
EndProject
Project("{FAE04EC0-301F-11D3-BF4B-00C04F79EFBC}") = "Indexers", "Indexers\Indexers.csproj", "{CFFCE1C5-5114-44E2-A474-3705ED2E60A8}"
EndProject
Project("{FAE04EC0-301F-11D3-BF4B-00C04F79EFBC}") = "Composition", "Composition\Composition.csproj", "{9F48DF1C-9496-405D-A9C0-54F2B035D452}"
EndProject
Project("{2150E333-8FDC-42A3-9474-1A3956D46DE8}") = "Section3 Association between Classes", "Section3 Association between Classes", "{7DE0858F-162E-49F4-82FA-88C7E8EA3656}"
EndProject
Project("{FAE04EC0-301F-11D3-BF4B-00C04F79EFBC}") = "Inheritance", "Inheritance\Inheritance.csproj", "{B3C70038-C7C9-4308-8A09-E5C511521A4F}"
EndProject
Project("{2150E333-8FDC-42A3-9474-1A3956D46DE8}") = "Section4 Inheritance - Second Pillar of OOP", "Section4 Inheritance - Second Pillar of OOP", "{7B751B4C-1D82-4B6A-85B9-30E9492A3832}"
EndProject
Project("{FAE04EC0-301F-11D3-BF4B-00C04F79EFBC}") = "AccessModifiers1", "AccessModifiers1\AccessModifiers1.csproj", "{6C52A911-DFA7-4496-B280-AC4806C73985}"
EndProject
Project("{FAE04EC0-301F-11D3-BF4B-00C04F79EFBC}") = "AccessModifiers", "AccessModifiers\AccessModifiers.csproj", "{2D318D40-EB03-4CCE-A1D0-0F3DA3549B49}"
EndProject
Project("{FAE04EC0-301F-11D3-BF4B-00C04F79EFBC}") = "Amazon", "Amazon\Amazon.csproj", "{5A6E1C50-E7E3-4B15-812F-11CBF14075F9}"
EndProject
Project("{FAE04EC0-301F-11D3-BF4B-00C04F79EFBC}") = "Constructors", "Constructors\Constructors.csproj", "{B98381A5-FD84-4D94-BDFD-7B3BB4D5908D}"
EndProject
Project("{FAE04EC0-301F-11D3-BF4B-00C04F79EFBC}") = "Casting", "Casting\Casting.csproj", "{75F75B32-5AEB-4A6C-92BB-B4AE57229F40}"
EndProject
Project("{FAE04EC0-301F-11D3-BF4B-00C04F79EFBC}") = "WpfApplication1", "WpfApplication1\WpfApplication1.csproj", "{90181E3F-7A1D-4E54-8AEF-6781E14687F2}"
EndProject
Project("{FAE04EC0-301F-11D3-BF4B-00C04F79EFBC}") = "Boxing", "Boxing\Boxing.csproj", "{833771D2-36CD-483E-BCD0-49243AEB18E0}"
EndProject
Project("{FAE04EC0-301F-11D3-BF4B-00C04F79EFBC}") = "ObjectClass", "ObjectClass\ObjectClass.csproj", "{1B4B9361-5D9C-4D21-8DF5-3466AD4D4446}"
EndProject
Project("{2150E333-8FDC-42A3-9474-1A3956D46DE8}") = "Section5 Polymorphism - Third Pillar of OOP", "Section5 Polymorphism - Third Pillar of OOP", "{09ADAB5C-C8A8-44BF-A5F8-050E2C318213}"
EndProject
Project("{FAE04EC0-301F-11D3-BF4B-00C04F79EFBC}") = "AbstractClasses", "AbstractClasses\AbstractClasses.csproj", "{B281D3E7-55DB-4D33-A29B-929A73DD6976}"
EndProject
Project("{FAE04EC0-301F-11D3-BF4B-00C04F79EFBC}") = "MethodOverriding", "MethodOverriding\MethodOverriding.csproj", "{F7649D5F-2773-4B01-A7A1-7516D13AAFC9}"
EndProject
Project("{2150E333-8FDC-42A3-9474-1A3956D46DE8}") = "Section6 Interfaces", "Section6 Interfaces", "{3ABA7BF8-21DA-4A22-A57C-654F00D7D282}"
EndProject
Project("{FAE04EC0-301F-11D3-BF4B-00C04F79EFBC}") = "Testability", "Testability\Testability.csproj", "{5CC095D7-6E42-41E4-8622-6D9C29056052}"
EndProject
Project("{FAE04EC0-301F-11D3-BF4B-00C04F79EFBC}") = "Testability.UnitTests", "Testability.UnitTests\Testability.UnitTests.csproj", "{B145F4FA-C5FB-4996-B747-FE954427D7AC}"
EndProject
Project("{FAE04EC0-301F-11D3-BF4B-00C04F79EFBC}") = "Extensibility", "Extensibility\Extensibility.csproj", "{9D93EE9A-5E1B-4DE5-B8BA-A254129CB64B}"
EndProject
Project("{FAE04EC0-301F-11D3-BF4B-00C04F79EFBC}") = "MultipleInheritance", "MultipleInheritance\MultipleInheritance.csproj", "{E625C022-9B3D-48F6-8489-12FCE335886F}"
EndProject
Project("{FAE04EC0-301F-11D3-BF4B-00C04F79EFBC}") = "Polymorphism", "Polymorphism\Polymorphism.csproj", "{7CE4FAD8-F64A-4076-9989-10CE828EB622}"
EndProject
Global
	GlobalSection(SolutionConfigurationPlatforms) = preSolution
		Debug|Any CPU = Debug|Any CPU
		Release|Any CPU = Release|Any CPU
	EndGlobalSection
	GlobalSection(ProjectConfigurationPlatforms) = postSolution
		{E8B0EDD9-3956-4D29-B53D-95B5304ECC47}.Debug|Any CPU.ActiveCfg = Debug|Any CPU
		{E8B0EDD9-3956-4D29-B53D-95B5304ECC47}.Debug|Any CPU.Build.0 = Debug|Any CPU
		{E8B0EDD9-3956-4D29-B53D-95B5304ECC47}.Release|Any CPU.ActiveCfg = Release|Any CPU
		{E8B0EDD9-3956-4D29-B53D-95B5304ECC47}.Release|Any CPU.Build.0 = Release|Any CPU
		{28682D8C-99D2-4BB1-B34D-C8993A0BC08C}.Debug|Any CPU.ActiveCfg = Debug|Any CPU
		{28682D8C-99D2-4BB1-B34D-C8993A0BC08C}.Debug|Any CPU.Build.0 = Debug|Any CPU
		{28682D8C-99D2-4BB1-B34D-C8993A0BC08C}.Release|Any CPU.ActiveCfg = Release|Any CPU
		{28682D8C-99D2-4BB1-B34D-C8993A0BC08C}.Release|Any CPU.Build.0 = Release|Any CPU
		{6286D24A-5FED-4BF1-8F87-9F5AD3C3A95E}.Debug|Any CPU.ActiveCfg = Debug|Any CPU
		{6286D24A-5FED-4BF1-8F87-9F5AD3C3A95E}.Debug|Any CPU.Build.0 = Debug|Any CPU
		{6286D24A-5FED-4BF1-8F87-9F5AD3C3A95E}.Release|Any CPU.ActiveCfg = Release|Any CPU
		{6286D24A-5FED-4BF1-8F87-9F5AD3C3A95E}.Release|Any CPU.Build.0 = Release|Any CPU
		{7B312385-B0A6-4A61-9900-A0FD59F71D7B}.Debug|Any CPU.ActiveCfg = Debug|Any CPU
		{7B312385-B0A6-4A61-9900-A0FD59F71D7B}.Debug|Any CPU.Build.0 = Debug|Any CPU
		{7B312385-B0A6-4A61-9900-A0FD59F71D7B}.Release|Any CPU.ActiveCfg = Release|Any CPU
		{7B312385-B0A6-4A61-9900-A0FD59F71D7B}.Release|Any CPU.Build.0 = Release|Any CPU
		{9C09C8BE-0758-4AC7-90D8-D89A76307AD9}.Debug|Any CPU.ActiveCfg = Debug|Any CPU
		{9C09C8BE-0758-4AC7-90D8-D89A76307AD9}.Debug|Any CPU.Build.0 = Debug|Any CPU
		{9C09C8BE-0758-4AC7-90D8-D89A76307AD9}.Release|Any CPU.ActiveCfg = Release|Any CPU
		{9C09C8BE-0758-4AC7-90D8-D89A76307AD9}.Release|Any CPU.Build.0 = Release|Any CPU
		{CFFCE1C5-5114-44E2-A474-3705ED2E60A8}.Debug|Any CPU.ActiveCfg = Debug|Any CPU
		{CFFCE1C5-5114-44E2-A474-3705ED2E60A8}.Debug|Any CPU.Build.0 = Debug|Any CPU
		{CFFCE1C5-5114-44E2-A474-3705ED2E60A8}.Release|Any CPU.ActiveCfg = Release|Any CPU
		{CFFCE1C5-5114-44E2-A474-3705ED2E60A8}.Release|Any CPU.Build.0 = Release|Any CPU
		{9F48DF1C-9496-405D-A9C0-54F2B035D452}.Debug|Any CPU.ActiveCfg = Debug|Any CPU
		{9F48DF1C-9496-405D-A9C0-54F2B035D452}.Debug|Any CPU.Build.0 = Debug|Any CPU
		{9F48DF1C-9496-405D-A9C0-54F2B035D452}.Release|Any CPU.ActiveCfg = Release|Any CPU
		{9F48DF1C-9496-405D-A9C0-54F2B035D452}.Release|Any CPU.Build.0 = Release|Any CPU
		{B3C70038-C7C9-4308-8A09-E5C511521A4F}.Debug|Any CPU.ActiveCfg = Debug|Any CPU
		{B3C70038-C7C9-4308-8A09-E5C511521A4F}.Debug|Any CPU.Build.0 = Debug|Any CPU
		{B3C70038-C7C9-4308-8A09-E5C511521A4F}.Release|Any CPU.ActiveCfg = Release|Any CPU
		{B3C70038-C7C9-4308-8A09-E5C511521A4F}.Release|Any CPU.Build.0 = Release|Any CPU
		{6C52A911-DFA7-4496-B280-AC4806C73985}.Debug|Any CPU.ActiveCfg = Debug|Any CPU
		{6C52A911-DFA7-4496-B280-AC4806C73985}.Debug|Any CPU.Build.0 = Debug|Any CPU
		{6C52A911-DFA7-4496-B280-AC4806C73985}.Release|Any CPU.ActiveCfg = Release|Any CPU
		{6C52A911-DFA7-4496-B280-AC4806C73985}.Release|Any CPU.Build.0 = Release|Any CPU
		{2D318D40-EB03-4CCE-A1D0-0F3DA3549B49}.Debug|Any CPU.ActiveCfg = Debug|Any CPU
		{2D318D40-EB03-4CCE-A1D0-0F3DA3549B49}.Debug|Any CPU.Build.0 = Debug|Any CPU
		{2D318D40-EB03-4CCE-A1D0-0F3DA3549B49}.Release|Any CPU.ActiveCfg = Release|Any CPU
		{2D318D40-EB03-4CCE-A1D0-0F3DA3549B49}.Release|Any CPU.Build.0 = Release|Any CPU
		{5A6E1C50-E7E3-4B15-812F-11CBF14075F9}.Debug|Any CPU.ActiveCfg = Debug|Any CPU
		{5A6E1C50-E7E3-4B15-812F-11CBF14075F9}.Debug|Any CPU.Build.0 = Debug|Any CPU
		{5A6E1C50-E7E3-4B15-812F-11CBF14075F9}.Release|Any CPU.ActiveCfg = Release|Any CPU
		{5A6E1C50-E7E3-4B15-812F-11CBF14075F9}.Release|Any CPU.Build.0 = Release|Any CPU
		{B98381A5-FD84-4D94-BDFD-7B3BB4D5908D}.Debug|Any CPU.ActiveCfg = Debug|Any CPU
		{B98381A5-FD84-4D94-BDFD-7B3BB4D5908D}.Debug|Any CPU.Build.0 = Debug|Any CPU
		{B98381A5-FD84-4D94-BDFD-7B3BB4D5908D}.Release|Any CPU.ActiveCfg = Release|Any CPU
		{B98381A5-FD84-4D94-BDFD-7B3BB4D5908D}.Release|Any CPU.Build.0 = Release|Any CPU
		{75F75B32-5AEB-4A6C-92BB-B4AE57229F40}.Debug|Any CPU.ActiveCfg = Debug|Any CPU
		{75F75B32-5AEB-4A6C-92BB-B4AE57229F40}.Debug|Any CPU.Build.0 = Debug|Any CPU
		{75F75B32-5AEB-4A6C-92BB-B4AE57229F40}.Release|Any CPU.ActiveCfg = Release|Any CPU
		{75F75B32-5AEB-4A6C-92BB-B4AE57229F40}.Release|Any CPU.Build.0 = Release|Any CPU
		{90181E3F-7A1D-4E54-8AEF-6781E14687F2}.Debug|Any CPU.ActiveCfg = Debug|Any CPU
		{90181E3F-7A1D-4E54-8AEF-6781E14687F2}.Debug|Any CPU.Build.0 = Debug|Any CPU
		{90181E3F-7A1D-4E54-8AEF-6781E14687F2}.Release|Any CPU.ActiveCfg = Release|Any CPU
		{90181E3F-7A1D-4E54-8AEF-6781E14687F2}.Release|Any CPU.Build.0 = Release|Any CPU
		{833771D2-36CD-483E-BCD0-49243AEB18E0}.Debug|Any CPU.ActiveCfg = Debug|Any CPU
		{833771D2-36CD-483E-BCD0-49243AEB18E0}.Debug|Any CPU.Build.0 = Debug|Any CPU
		{833771D2-36CD-483E-BCD0-49243AEB18E0}.Release|Any CPU.ActiveCfg = Release|Any CPU
		{833771D2-36CD-483E-BCD0-49243AEB18E0}.Release|Any CPU.Build.0 = Release|Any CPU
		{1B4B9361-5D9C-4D21-8DF5-3466AD4D4446}.Debug|Any CPU.ActiveCfg = Debug|Any CPU
		{1B4B9361-5D9C-4D21-8DF5-3466AD4D4446}.Debug|Any CPU.Build.0 = Debug|Any CPU
		{1B4B9361-5D9C-4D21-8DF5-3466AD4D4446}.Release|Any CPU.ActiveCfg = Release|Any CPU
		{1B4B9361-5D9C-4D21-8DF5-3466AD4D4446}.Release|Any CPU.Build.0 = Release|Any CPU
		{B281D3E7-55DB-4D33-A29B-929A73DD6976}.Debug|Any CPU.ActiveCfg = Debug|Any CPU
		{B281D3E7-55DB-4D33-A29B-929A73DD6976}.Debug|Any CPU.Build.0 = Debug|Any CPU
		{B281D3E7-55DB-4D33-A29B-929A73DD6976}.Release|Any CPU.ActiveCfg = Release|Any CPU
		{B281D3E7-55DB-4D33-A29B-929A73DD6976}.Release|Any CPU.Build.0 = Release|Any CPU
		{F7649D5F-2773-4B01-A7A1-7516D13AAFC9}.Debug|Any CPU.ActiveCfg = Debug|Any CPU
		{F7649D5F-2773-4B01-A7A1-7516D13AAFC9}.Debug|Any CPU.Build.0 = Debug|Any CPU
		{F7649D5F-2773-4B01-A7A1-7516D13AAFC9}.Release|Any CPU.ActiveCfg = Release|Any CPU
		{F7649D5F-2773-4B01-A7A1-7516D13AAFC9}.Release|Any CPU.Build.0 = Release|Any CPU
		{5CC095D7-6E42-41E4-8622-6D9C29056052}.Debug|Any CPU.ActiveCfg = Debug|Any CPU
		{5CC095D7-6E42-41E4-8622-6D9C29056052}.Debug|Any CPU.Build.0 = Debug|Any CPU
		{5CC095D7-6E42-41E4-8622-6D9C29056052}.Release|Any CPU.ActiveCfg = Release|Any CPU
		{5CC095D7-6E42-41E4-8622-6D9C29056052}.Release|Any CPU.Build.0 = Release|Any CPU
		{B145F4FA-C5FB-4996-B747-FE954427D7AC}.Debug|Any CPU.ActiveCfg = Debug|Any CPU
		{B145F4FA-C5FB-4996-B747-FE954427D7AC}.Debug|Any CPU.Build.0 = Debug|Any CPU
		{B145F4FA-C5FB-4996-B747-FE954427D7AC}.Release|Any CPU.ActiveCfg = Release|Any CPU
		{B145F4FA-C5FB-4996-B747-FE954427D7AC}.Release|Any CPU.Build.0 = Release|Any CPU
		{9D93EE9A-5E1B-4DE5-B8BA-A254129CB64B}.Debug|Any CPU.ActiveCfg = Debug|Any CPU
		{9D93EE9A-5E1B-4DE5-B8BA-A254129CB64B}.Debug|Any CPU.Build.0 = Debug|Any CPU
		{9D93EE9A-5E1B-4DE5-B8BA-A254129CB64B}.Release|Any CPU.ActiveCfg = Release|Any CPU
		{9D93EE9A-5E1B-4DE5-B8BA-A254129CB64B}.Release|Any CPU.Build.0 = Release|Any CPU
		{E625C022-9B3D-48F6-8489-12FCE335886F}.Debug|Any CPU.ActiveCfg = Debug|Any CPU
		{E625C022-9B3D-48F6-8489-12FCE335886F}.Debug|Any CPU.Build.0 = Debug|Any CPU
		{E625C022-9B3D-48F6-8489-12FCE335886F}.Release|Any CPU.ActiveCfg = Release|Any CPU
		{E625C022-9B3D-48F6-8489-12FCE335886F}.Release|Any CPU.Build.0 = Release|Any CPU
		{7CE4FAD8-F64A-4076-9989-10CE828EB622}.Debug|Any CPU.ActiveCfg = Debug|Any CPU
		{7CE4FAD8-F64A-4076-9989-10CE828EB622}.Debug|Any CPU.Build.0 = Debug|Any CPU
		{7CE4FAD8-F64A-4076-9989-10CE828EB622}.Release|Any CPU.ActiveCfg = Release|Any CPU
		{7CE4FAD8-F64A-4076-9989-10CE828EB622}.Release|Any CPU.Build.0 = Release|Any CPU
	EndGlobalSection
	GlobalSection(SolutionProperties) = preSolution
		HideSolutionNode = FALSE
	EndGlobalSection
	GlobalSection(NestedProjects) = preSolution
		{28682D8C-99D2-4BB1-B34D-C8993A0BC08C} = {B3FE168E-8502-4071-A311-D70EF6F7C5FC}
		{6286D24A-5FED-4BF1-8F87-9F5AD3C3A95E} = {B3FE168E-8502-4071-A311-D70EF6F7C5FC}
		{7B312385-B0A6-4A61-9900-A0FD59F71D7B} = {B3FE168E-8502-4071-A311-D70EF6F7C5FC}
		{9C09C8BE-0758-4AC7-90D8-D89A76307AD9} = {B3FE168E-8502-4071-A311-D70EF6F7C5FC}
		{CFFCE1C5-5114-44E2-A474-3705ED2E60A8} = {B3FE168E-8502-4071-A311-D70EF6F7C5FC}
		{9F48DF1C-9496-405D-A9C0-54F2B035D452} = {7DE0858F-162E-49F4-82FA-88C7E8EA3656}
		{B3C70038-C7C9-4308-8A09-E5C511521A4F} = {7DE0858F-162E-49F4-82FA-88C7E8EA3656}
		{6C52A911-DFA7-4496-B280-AC4806C73985} = {B3FE168E-8502-4071-A311-D70EF6F7C5FC}
		{2D318D40-EB03-4CCE-A1D0-0F3DA3549B49} = {7B751B4C-1D82-4B6A-85B9-30E9492A3832}
		{5A6E1C50-E7E3-4B15-812F-11CBF14075F9} = {7B751B4C-1D82-4B6A-85B9-30E9492A3832}
		{B98381A5-FD84-4D94-BDFD-7B3BB4D5908D} = {7B751B4C-1D82-4B6A-85B9-30E9492A3832}
		{75F75B32-5AEB-4A6C-92BB-B4AE57229F40} = {7B751B4C-1D82-4B6A-85B9-30E9492A3832}
		{90181E3F-7A1D-4E54-8AEF-6781E14687F2} = {7B751B4C-1D82-4B6A-85B9-30E9492A3832}
		{833771D2-36CD-483E-BCD0-49243AEB18E0} = {7B751B4C-1D82-4B6A-85B9-30E9492A3832}
		{1B4B9361-5D9C-4D21-8DF5-3466AD4D4446} = {7B751B4C-1D82-4B6A-85B9-30E9492A3832}
		{B281D3E7-55DB-4D33-A29B-929A73DD6976} = {09ADAB5C-C8A8-44BF-A5F8-050E2C318213}
		{F7649D5F-2773-4B01-A7A1-7516D13AAFC9} = {09ADAB5C-C8A8-44BF-A5F8-050E2C318213}
		{5CC095D7-6E42-41E4-8622-6D9C29056052} = {3ABA7BF8-21DA-4A22-A57C-654F00D7D282}
		{B145F4FA-C5FB-4996-B747-FE954427D7AC} = {3ABA7BF8-21DA-4A22-A57C-654F00D7D282}
		{9D93EE9A-5E1B-4DE5-B8BA-A254129CB64B} = {3ABA7BF8-21DA-4A22-A57C-654F00D7D282}
		{E625C022-9B3D-48F6-8489-12FCE335886F} = {3ABA7BF8-21DA-4A22-A57C-654F00D7D282}
		{7CE4FAD8-F64A-4076-9989-10CE828EB622} = {3ABA7BF8-21DA-4A22-A57C-654F00D7D282}
	EndGlobalSection
EndGlobal
